
Microsoft Visual Studio Solution File, Format Version 12.00
# Visual Studio Version 16
VisualStudioVersion = 16.0.30114.105
MinimumVisualStudioVersion = 10.0.40219.1
Project("{2150E333-8FDC-42A3-9474-1A3956D46DE8}") = "src", "src", "{C7F15590-1E3C-4366-A88B-D3F3DC02638A}"
EndProject
Project("{FAE04EC0-301F-11D3-BF4B-00C04F79EFBC}") = "Portfolio", "src/Portfolio/Portfolio.csproj", "{6623882C-F222-4621-ABCE-6AC58C77417B}"
EndProject
Global
	GlobalSection(SolutionConfigurationPlatforms) = preSolution
		Debug|Any CPU = Debug|Any CPU
		Release|Any CPU = Release|Any CPU
	EndGlobalSection
	GlobalSection(SolutionProperties) = preSolution
		HideSolutionNode = FALSE
	EndGlobalSection
	GlobalSection(ProjectConfigurationPlatforms) = postSolution
		{6623882C-F222-4621-ABCE-6AC58C77417B}.Debug|Any CPU.ActiveCfg = Debug|Any CPU
		{6623882C-F222-4621-ABCE-6AC58C77417B}.Debug|Any CPU.Build.0 = Debug|Any CPU
		{6623882C-F222-4621-ABCE-6AC58C77417B}.Release|Any CPU.ActiveCfg = Release|Any CPU
		{6623882C-F222-4621-ABCE-6AC58C77417B}.Release|Any CPU.Build.0 = Release|Any CPU
	EndGlobalSection
	GlobalSection(NestedProjects) = preSolution
		{6623882C-F222-4621-ABCE-6AC58C77417B} = {C7F15590-1E3C-4366-A88B-D3F3DC02638A}
	EndGlobalSection
EndGlobal
